// !$*UTF8*$!
{
	archiveVersion = 1;
	classes = {
	};
	objectVersion = 50;
	objects = {

/* Begin PBXBuildFile section */
		DA57EB2823447ECC00A31C5B /* watchtest WatchKit App.app in Embed Watch Content */ = {isa = PBXBuildFile; fileRef = DA57EB2723447ECC00A31C5B /* watchtest WatchKit App.app */; settings = {ATTRIBUTES = (RemoveHeadersOnCopy, ); }; };
		DA57EB2E23447ECC00A31C5B /* Interface.storyboard in Resources */ = {isa = PBXBuildFile; fileRef = DA57EB2C23447ECC00A31C5B /* Interface.storyboard */; };
		DA57EB3023447ED100A31C5B /* Assets.xcassets in Resources */ = {isa = PBXBuildFile; fileRef = DA57EB2F23447ED100A31C5B /* Assets.xcassets */; };
		DA57EB3723447ED200A31C5B /* watchtest WatchKit Extension.appex in Embed App Extensions */ = {isa = PBXBuildFile; fileRef = DA57EB3623447ED200A31C5B /* watchtest WatchKit Extension.appex */; settings = {ATTRIBUTES = (RemoveHeadersOnCopy, ); }; };
		DA57EB3C23447ED200A31C5B /* ContentView.swift in Sources */ = {isa = PBXBuildFile; fileRef = DA57EB3B23447ED200A31C5B /* ContentView.swift */; };
		DA57EB3E23447ED200A31C5B /* HostingController.swift in Sources */ = {isa = PBXBuildFile; fileRef = DA57EB3D23447ED200A31C5B /* HostingController.swift */; };
		DA57EB4023447ED200A31C5B /* ExtensionDelegate.swift in Sources */ = {isa = PBXBuildFile; fileRef = DA57EB3F23447ED200A31C5B /* ExtensionDelegate.swift */; };
		DA57EB4223447ED200A31C5B /* NotificationController.swift in Sources */ = {isa = PBXBuildFile; fileRef = DA57EB4123447ED200A31C5B /* NotificationController.swift */; };
		DA57EB4423447ED200A31C5B /* NotificationView.swift in Sources */ = {isa = PBXBuildFile; fileRef = DA57EB4323447ED200A31C5B /* NotificationView.swift */; };
		DA57EB4623447ED300A31C5B /* Assets.xcassets in Resources */ = {isa = PBXBuildFile; fileRef = DA57EB4523447ED300A31C5B /* Assets.xcassets */; };
		DA57EB4923447ED300A31C5B /* Preview Assets.xcassets in Resources */ = {isa = PBXBuildFile; fileRef = DA57EB4823447ED300A31C5B /* Preview Assets.xcassets */; };
/* End PBXBuildFile section */

/* Begin PBXContainerItemProxy section */
		DA57EB2923447ECC00A31C5B /* PBXContainerItemProxy */ = {
			isa = PBXContainerItemProxy;
			containerPortal = DA57EB1D23447ECB00A31C5B /* Project object */;
			proxyType = 1;
			remoteGlobalIDString = DA57EB2623447ECB00A31C5B;
			remoteInfo = "watchtest WatchKit App";
		};
		DA57EB3823447ED200A31C5B /* PBXContainerItemProxy */ = {
			isa = PBXContainerItemProxy;
			containerPortal = DA57EB1D23447ECB00A31C5B /* Project object */;
			proxyType = 1;
			remoteGlobalIDString = DA57EB3523447ED200A31C5B;
			remoteInfo = "watchtest WatchKit Extension";
		};
/* End PBXContainerItemProxy section */

/* Begin PBXCopyFilesBuildPhase section */
		DA57EB5123447ED300A31C5B /* Embed App Extensions */ = {
			isa = PBXCopyFilesBuildPhase;
			buildActionMask = 2147483647;
			dstPath = "";
			dstSubfolderSpec = 13;
			files = (
				DA57EB3723447ED200A31C5B /* watchtest WatchKit Extension.appex in Embed App Extensions */,
			);
			name = "Embed App Extensions";
			runOnlyForDeploymentPostprocessing = 0;
		};
		DA57EB5523447ED300A31C5B /* Embed Watch Content */ = {
			isa = PBXCopyFilesBuildPhase;
			buildActionMask = 2147483647;
			dstPath = "$(CONTENTS_FOLDER_PATH)/Watch";
			dstSubfolderSpec = 16;
			files = (
				DA57EB2823447ECC00A31C5B /* watchtest WatchKit App.app in Embed Watch Content */,
			);
			name = "Embed Watch Content";
			runOnlyForDeploymentPostprocessing = 0;
		};
/* End PBXCopyFilesBuildPhase section */

/* Begin PBXFileReference section */
		DA57EB2323447ECB00A31C5B /* watchtest.app */ = {isa = PBXFileReference; explicitFileType = wrapper.application; includeInIndex = 0; path = watchtest.app; sourceTree = BUILT_PRODUCTS_DIR; };
		DA57EB2723447ECC00A31C5B /* watchtest WatchKit App.app */ = {isa = PBXFileReference; explicitFileType = wrapper.application; includeInIndex = 0; path = "watchtest WatchKit App.app"; sourceTree = BUILT_PRODUCTS_DIR; };
		DA57EB2D23447ECC00A31C5B /* Base */ = {isa = PBXFileReference; lastKnownFileType = file.storyboard; name = Base; path = Base.lproj/Interface.storyboard; sourceTree = "<group>"; };
		DA57EB2F23447ED100A31C5B /* Assets.xcassets */ = {isa = PBXFileReference; lastKnownFileType = folder.assetcatalog; path = Assets.xcassets; sourceTree = "<group>"; };
		DA57EB3123447ED100A31C5B /* Info.plist */ = {isa = PBXFileReference; lastKnownFileType = text.plist.xml; path = Info.plist; sourceTree = "<group>"; };
		DA57EB3623447ED200A31C5B /* watchtest WatchKit Extension.appex */ = {isa = PBXFileReference; explicitFileType = "wrapper.app-extension"; includeInIndex = 0; path = "watchtest WatchKit Extension.appex"; sourceTree = BUILT_PRODUCTS_DIR; };
		DA57EB3B23447ED200A31C5B /* ContentView.swift */ = {isa = PBXFileReference; lastKnownFileType = sourcecode.swift; path = ContentView.swift; sourceTree = "<group>"; };
		DA57EB3D23447ED200A31C5B /* HostingController.swift */ = {isa = PBXFileReference; lastKnownFileType = sourcecode.swift; path = HostingController.swift; sourceTree = "<group>"; };
		DA57EB3F23447ED200A31C5B /* ExtensionDelegate.swift */ = {isa = PBXFileReference; lastKnownFileType = sourcecode.swift; path = ExtensionDelegate.swift; sourceTree = "<group>"; };
		DA57EB4123447ED200A31C5B /* NotificationController.swift */ = {isa = PBXFileReference; lastKnownFileType = sourcecode.swift; path = NotificationController.swift; sourceTree = "<group>"; };
		DA57EB4323447ED200A31C5B /* NotificationView.swift */ = {isa = PBXFileReference; lastKnownFileType = sourcecode.swift; path = NotificationView.swift; sourceTree = "<group>"; };
		DA57EB4523447ED300A31C5B /* Assets.xcassets */ = {isa = PBXFileReference; lastKnownFileType = folder.assetcatalog; path = Assets.xcassets; sourceTree = "<group>"; };
		DA57EB4823447ED300A31C5B /* Preview Assets.xcassets */ = {isa = PBXFileReference; lastKnownFileType = folder.assetcatalog; path = "Preview Assets.xcassets"; sourceTree = "<group>"; };
		DA57EB4A23447ED300A31C5B /* Info.plist */ = {isa = PBXFileReference; lastKnownFileType = text.plist.xml; path = Info.plist; sourceTree = "<group>"; };
		DA57EB4B23447ED300A31C5B /* PushNotificationPayload.apns */ = {isa = PBXFileReference; lastKnownFileType = text; path = PushNotificationPayload.apns; sourceTree = "<group>"; };
/* End PBXFileReference section */

/* Begin PBXFrameworksBuildPhase section */
		DA57EB3323447ED200A31C5B /* Frameworks */ = {
			isa = PBXFrameworksBuildPhase;
			buildActionMask = 2147483647;
			files = (
			);
			runOnlyForDeploymentPostprocessing = 0;
		};
/* End PBXFrameworksBuildPhase section */

/* Begin PBXGroup section */
		DA57EB1C23447ECB00A31C5B = {
			isa = PBXGroup;
			children = (
				DA57EB2B23447ECC00A31C5B /* watchtest WatchKit App */,
				DA57EB3A23447ED200A31C5B /* watchtest WatchKit Extension */,
				DA57EB2423447ECB00A31C5B /* Products */,
			);
			sourceTree = "<group>";
		};
		DA57EB2423447ECB00A31C5B /* Products */ = {
			isa = PBXGroup;
			children = (
				DA57EB2323447ECB00A31C5B /* watchtest.app */,
				DA57EB2723447ECC00A31C5B /* watchtest WatchKit App.app */,
				DA57EB3623447ED200A31C5B /* watchtest WatchKit Extension.appex */,
			);
			name = Products;
			sourceTree = "<group>";
		};
		DA57EB2B23447ECC00A31C5B /* watchtest WatchKit App */ = {
			isa = PBXGroup;
			children = (
				DA57EB2C23447ECC00A31C5B /* Interface.storyboard */,
				DA57EB2F23447ED100A31C5B /* Assets.xcassets */,
				DA57EB3123447ED100A31C5B /* Info.plist */,
			);
			path = "watchtest WatchKit App";
			sourceTree = "<group>";
		};
		DA57EB3A23447ED200A31C5B /* watchtest WatchKit Extension */ = {
			isa = PBXGroup;
			children = (
				DA57EB3B23447ED200A31C5B /* ContentView.swift */,
				DA57EB3D23447ED200A31C5B /* HostingController.swift */,
				DA57EB3F23447ED200A31C5B /* ExtensionDelegate.swift */,
				DA57EB4123447ED200A31C5B /* NotificationController.swift */,
				DA57EB4323447ED200A31C5B /* NotificationView.swift */,
				DA57EB4523447ED300A31C5B /* Assets.xcassets */,
				DA57EB4A23447ED300A31C5B /* Info.plist */,
				DA57EB4B23447ED300A31C5B /* PushNotificationPayload.apns */,
				DA57EB4723447ED300A31C5B /* Preview Content */,
			);
			path = "watchtest WatchKit Extension";
			sourceTree = "<group>";
		};
		DA57EB4723447ED300A31C5B /* Preview Content */ = {
			isa = PBXGroup;
			children = (
				DA57EB4823447ED300A31C5B /* Preview Assets.xcassets */,
			);
			path = "Preview Content";
			sourceTree = "<group>";
		};
/* End PBXGroup section */

/* Begin PBXNativeTarget section */
		DA57EB2223447ECB00A31C5B /* watchtest */ = {
			isa = PBXNativeTarget;
			buildConfigurationList = DA57EB5623447ED300A31C5B /* Build configuration list for PBXNativeTarget "watchtest" */;
			buildPhases = (
				DA57EB2123447ECB00A31C5B /* Resources */,
				DA57EB5523447ED300A31C5B /* Embed Watch Content */,
			);
			buildRules = (
			);
			dependencies = (
				DA57EB2A23447ECC00A31C5B /* PBXTargetDependency */,
			);
			name = watchtest;
			productName = watchtest;
			productReference = DA57EB2323447ECB00A31C5B /* watchtest.app */;
			productType = "com.apple.product-type.application.watchapp2-container";
		};
		DA57EB2623447ECB00A31C5B /* watchtest WatchKit App */ = {
			isa = PBXNativeTarget;
			buildConfigurationList = DA57EB5223447ED300A31C5B /* Build configuration list for PBXNativeTarget "watchtest WatchKit App" */;
			buildPhases = (
				DA57EB2523447ECB00A31C5B /* Resources */,
				DA57EB5123447ED300A31C5B /* Embed App Extensions */,
			);
			buildRules = (
			);
			dependencies = (
				DA57EB3923447ED200A31C5B /* PBXTargetDependency */,
			);
			name = "watchtest WatchKit App";
			productName = "watchtest WatchKit App";
			productReference = DA57EB2723447ECC00A31C5B /* watchtest WatchKit App.app */;
			productType = "com.apple.product-type.application.watchapp2";
		};
		DA57EB3523447ED200A31C5B /* watchtest WatchKit Extension */ = {
			isa = PBXNativeTarget;
			buildConfigurationList = DA57EB4E23447ED300A31C5B /* Build configuration list for PBXNativeTarget "watchtest WatchKit Extension" */;
			buildPhases = (
				DA57EB3223447ED200A31C5B /* Sources */,
				DA57EB3323447ED200A31C5B /* Frameworks */,
				DA57EB3423447ED200A31C5B /* Resources */,
			);
			buildRules = (
			);
			dependencies = (
			);
			name = "watchtest WatchKit Extension";
			productName = "watchtest WatchKit Extension";
			productReference = DA57EB3623447ED200A31C5B /* watchtest WatchKit Extension.appex */;
			productType = "com.apple.product-type.watchkit2-extension";
		};
/* End PBXNativeTarget section */

/* Begin PBXProject section */
		DA57EB1D23447ECB00A31C5B /* Project object */ = {
			isa = PBXProject;
			attributes = {
				LastSwiftUpdateCheck = 1100;
				LastUpgradeCheck = 1100;
				ORGANIZATIONNAME = "助川友理";
				TargetAttributes = {
					DA57EB2223447ECB00A31C5B = {
						CreatedOnToolsVersion = 11.0;
					};
					DA57EB2623447ECB00A31C5B = {
						CreatedOnToolsVersion = 11.0;
					};
					DA57EB3523447ED200A31C5B = {
						CreatedOnToolsVersion = 11.0;
					};
				};
			};
			buildConfigurationList = DA57EB2023447ECB00A31C5B /* Build configuration list for PBXProject "watchtest" */;
			compatibilityVersion = "Xcode 9.3";
			developmentRegion = en;
			hasScannedForEncodings = 0;
			knownRegions = (
				en,
				Base,
			);
			mainGroup = DA57EB1C23447ECB00A31C5B;
			productRefGroup = DA57EB2423447ECB00A31C5B /* Products */;
			projectDirPath = "";
			projectRoot = "";
			targets = (
				DA57EB2223447ECB00A31C5B /* watchtest */,
				DA57EB2623447ECB00A31C5B /* watchtest WatchKit App */,
				DA57EB3523447ED200A31C5B /* watchtest WatchKit Extension */,
			);
		};
/* End PBXProject section */

/* Begin PBXResourcesBuildPhase section */
		DA57EB2123447ECB00A31C5B /* Resources */ = {
			isa = PBXResourcesBuildPhase;
			buildActionMask = 2147483647;
			files = (
			);
			runOnlyForDeploymentPostprocessing = 0;
		};
		DA57EB2523447ECB00A31C5B /* Resources */ = {
			isa = PBXResourcesBuildPhase;
			buildActionMask = 2147483647;
			files = (
				DA57EB3023447ED100A31C5B /* Assets.xcassets in Resources */,
				DA57EB2E23447ECC00A31C5B /* Interface.storyboard in Resources */,
			);
			runOnlyForDeploymentPostprocessing = 0;
		};
		DA57EB3423447ED200A31C5B /* Resources */ = {
			isa = PBXResourcesBuildPhase;
			buildActionMask = 2147483647;
			files = (
				DA57EB4923447ED300A31C5B /* Preview Assets.xcassets in Resources */,
				DA57EB4623447ED300A31C5B /* Assets.xcassets in Resources */,
			);
			runOnlyForDeploymentPostprocessing = 0;
		};
/* End PBXResourcesBuildPhase section */

/* Begin PBXSourcesBuildPhase section */
		DA57EB3223447ED200A31C5B /* Sources */ = {
			isa = PBXSourcesBuildPhase;
			buildActionMask = 2147483647;
			files = (
				DA57EB3E23447ED200A31C5B /* HostingController.swift in Sources */,
				DA57EB3C23447ED200A31C5B /* ContentView.swift in Sources */,
				DA57EB4223447ED200A31C5B /* NotificationController.swift in Sources */,
				DA57EB4023447ED200A31C5B /* ExtensionDelegate.swift in Sources */,
				DA57EB4423447ED200A31C5B /* NotificationView.swift in Sources */,
			);
			runOnlyForDeploymentPostprocessing = 0;
		};
/* End PBXSourcesBuildPhase section */

/* Begin PBXTargetDependency section */
		DA57EB2A23447ECC00A31C5B /* PBXTargetDependency */ = {
			isa = PBXTargetDependency;
			target = DA57EB2623447ECB00A31C5B /* watchtest WatchKit App */;
			targetProxy = DA57EB2923447ECC00A31C5B /* PBXContainerItemProxy */;
		};
		DA57EB3923447ED200A31C5B /* PBXTargetDependency */ = {
			isa = PBXTargetDependency;
			target = DA57EB3523447ED200A31C5B /* watchtest WatchKit Extension */;
			targetProxy = DA57EB3823447ED200A31C5B /* PBXContainerItemProxy */;
		};
/* End PBXTargetDependency section */

/* Begin PBXVariantGroup section */
		DA57EB2C23447ECC00A31C5B /* Interface.storyboard */ = {
			isa = PBXVariantGroup;
			children = (
				DA57EB2D23447ECC00A31C5B /* Base */,
			);
			name = Interface.storyboard;
			sourceTree = "<group>";
		};
/* End PBXVariantGroup section */

/* Begin XCBuildConfiguration section */
		DA57EB4C23447ED300A31C5B /* Debug */ = {
			isa = XCBuildConfiguration;
			buildSettings = {
				ALWAYS_SEARCH_USER_PATHS = NO;
				CLANG_ANALYZER_NONNULL = YES;
				CLANG_ANALYZER_NUMBER_OBJECT_CONVERSION = YES_AGGRESSIVE;
				CLANG_CXX_LANGUAGE_STANDARD = "gnu++14";
				CLANG_CXX_LIBRARY = "libc++";
				CLANG_ENABLE_MODULES = YES;
				CLANG_ENABLE_OBJC_ARC = YES;
				CLANG_ENABLE_OBJC_WEAK = YES;
				CLANG_WARN_BLOCK_CAPTURE_AUTORELEASING = YES;
				CLANG_WARN_BOOL_CONVERSION = YES;
				CLANG_WARN_COMMA = YES;
				CLANG_WARN_CONSTANT_CONVERSION = YES;
				CLANG_WARN_DEPRECATED_OBJC_IMPLEMENTATIONS = YES;
				CLANG_WARN_DIRECT_OBJC_ISA_USAGE = YES_ERROR;
				CLANG_WARN_DOCUMENTATION_COMMENTS = YES;
				CLANG_WARN_EMPTY_BODY = YES;
				CLANG_WARN_ENUM_CONVERSION = YES;
				CLANG_WARN_INFINITE_RECURSION = YES;
				CLANG_WARN_INT_CONVERSION = YES;
				CLANG_WARN_NON_LITERAL_NULL_CONVERSION = YES;
				CLANG_WARN_OBJC_IMPLICIT_RETAIN_SELF = YES;
				CLANG_WARN_OBJC_LITERAL_CONVERSION = YES;
				CLANG_WARN_OBJC_ROOT_CLASS = YES_ERROR;
				CLANG_WARN_RANGE_LOOP_ANALYSIS = YES;
				CLANG_WARN_STRICT_PROTOTYPES = YES;
				CLANG_WARN_SUSPICIOUS_MOVE = YES;
				CLANG_WARN_UNGUARDED_AVAILABILITY = YES_AGGRESSIVE;
				CLANG_WARN_UNREACHABLE_CODE = YES;
				CLANG_WARN__DUPLICATE_METHOD_MATCH = YES;
				COPY_PHASE_STRIP = NO;
				DEBUG_INFORMATION_FORMAT = dwarf;
				ENABLE_STRICT_OBJC_MSGSEND = YES;
				ENABLE_TESTABILITY = YES;
				GCC_C_LANGUAGE_STANDARD = gnu11;
				GCC_DYNAMIC_NO_PIC = NO;
				GCC_NO_COMMON_BLOCKS = YES;
				GCC_OPTIMIZATION_LEVEL = 0;
				GCC_PREPROCESSOR_DEFINITIONS = (
					"DEBUG=1",
					"$(inherited)",
				);
				GCC_WARN_64_TO_32_BIT_CONVERSION = YES;
				GCC_WARN_ABOUT_RETURN_TYPE = YES_ERROR;
				GCC_WARN_UNDECLARED_SELECTOR = YES;
				GCC_WARN_UNINITIALIZED_AUTOS = YES_AGGRESSIVE;
				GCC_WARN_UNUSED_FUNCTION = YES;
				GCC_WARN_UNUSED_VARIABLE = YES;
				MTL_ENABLE_DEBUG_INFO = INCLUDE_SOURCE;
				MTL_FAST_MATH = YES;
				ONLY_ACTIVE_ARCH = YES;
				SDKROOT = iphoneos;
				SWIFT_ACTIVE_COMPILATION_CONDITIONS = DEBUG;
				SWIFT_OPTIMIZATION_LEVEL = "-Onone";
			};
			name = Debug;
		};
		DA57EB4D23447ED300A31C5B /* Release */ = {
			isa = XCBuildConfiguration;
			buildSettings = {
				ALWAYS_SEARCH_USER_PATHS = NO;
				CLANG_ANALYZER_NONNULL = YES;
				CLANG_ANALYZER_NUMBER_OBJECT_CONVERSION = YES_AGGRESSIVE;
				CLANG_CXX_LANGUAGE_STANDARD = "gnu++14";
				CLANG_CXX_LIBRARY = "libc++";
				CLANG_ENABLE_MODULES = YES;
				CLANG_ENABLE_OBJC_ARC = YES;
				CLANG_ENABLE_OBJC_WEAK = YES;
				CLANG_WARN_BLOCK_CAPTURE_AUTORELEASING = YES;
				CLANG_WARN_BOOL_CONVERSION = YES;
				CLANG_WARN_COMMA = YES;
				CLANG_WARN_CONSTANT_CONVERSION = YES;
				CLANG_WARN_DEPRECATED_OBJC_IMPLEMENTATIONS = YES;
				CLANG_WARN_DIRECT_OBJC_ISA_USAGE = YES_ERROR;
				CLANG_WARN_DOCUMENTATION_COMMENTS = YES;
				CLANG_WARN_EMPTY_BODY = YES;
				CLANG_WARN_ENUM_CONVERSION = YES;
				CLANG_WARN_INFINITE_RECURSION = YES;
				CLANG_WARN_INT_CONVERSION = YES;
				CLANG_WARN_NON_LITERAL_NULL_CONVERSION = YES;
				CLANG_WARN_OBJC_IMPLICIT_RETAIN_SELF = YES;
				CLANG_WARN_OBJC_LITERAL_CONVERSION = YES;
				CLANG_WARN_OBJC_ROOT_CLASS = YES_ERROR;
				CLANG_WARN_RANGE_LOOP_ANALYSIS = YES;
				CLANG_WARN_STRICT_PROTOTYPES = YES;
				CLANG_WARN_SUSPICIOUS_MOVE = YES;
				CLANG_WARN_UNGUARDED_AVAILABILITY = YES_AGGRESSIVE;
				CLANG_WARN_UNREACHABLE_CODE = YES;
				CLANG_WARN__DUPLICATE_METHOD_MATCH = YES;
				COPY_PHASE_STRIP = NO;
				DEBUG_INFORMATION_FORMAT = "dwarf-with-dsym";
				ENABLE_NS_ASSERTIONS = NO;
				ENABLE_STRICT_OBJC_MSGSEND = YES;
				GCC_C_LANGUAGE_STANDARD = gnu11;
				GCC_NO_COMMON_BLOCKS = YES;
				GCC_WARN_64_TO_32_BIT_CONVERSION = YES;
				GCC_WARN_ABOUT_RETURN_TYPE = YES_ERROR;
				GCC_WARN_UNDECLARED_SELECTOR = YES;
				GCC_WARN_UNINITIALIZED_AUTOS = YES_AGGRESSIVE;
				GCC_WARN_UNUSED_FUNCTION = YES;
				GCC_WARN_UNUSED_VARIABLE = YES;
				MTL_ENABLE_DEBUG_INFO = NO;
				MTL_FAST_MATH = YES;
				SDKROOT = iphoneos;
				SWIFT_COMPILATION_MODE = wholemodule;
				SWIFT_OPTIMIZATION_LEVEL = "-O";
				VALIDATE_PRODUCT = YES;
			};
			name = Release;
		};
		DA57EB4F23447ED300A31C5B /* Debug */ = {
			isa = XCBuildConfiguration;
			buildSettings = {
				ASSETCATALOG_COMPILER_COMPLICATION_NAME = Complication;
				CODE_SIGN_STYLE = Automatic;
				DEVELOPMENT_ASSET_PATHS = "\"watchtest WatchKit Extension/Preview Content\"";
				DEVELOPMENT_TEAM = 99XL587U89;
				ENABLE_PREVIEWS = YES;
				INFOPLIST_FILE = "watchtest WatchKit Extension/Info.plist";
				LD_RUNPATH_SEARCH_PATHS = (
					"$(inherited)",
					"@executable_path/Frameworks",
					"@executable_path/../../Frameworks",
				);
				PRODUCT_BUNDLE_IDENTIFIER = com.watchtest.watchkitapp.watchkitextension;
				PRODUCT_NAME = "${TARGET_NAME}";
				SDKROOT = watchos;
				SKIP_INSTALL = YES;
				SWIFT_VERSION = 5.0;
				TARGETED_DEVICE_FAMILY = 4;
				WATCHOS_DEPLOYMENT_TARGET = 6.0;
			};
			name = Debug;
		};
		DA57EB5023447ED300A31C5B /* Release */ = {
			isa = XCBuildConfiguration;
			buildSettings = {
				ASSETCATALOG_COMPILER_COMPLICATION_NAME = Complication;
				CODE_SIGN_STYLE = Automatic;
				DEVELOPMENT_ASSET_PATHS = "\"watchtest WatchKit Extension/Preview Content\"";
				DEVELOPMENT_TEAM = 99XL587U89;
				ENABLE_PREVIEWS = YES;
				INFOPLIST_FILE = "watchtest WatchKit Extension/Info.plist";
				LD_RUNPATH_SEARCH_PATHS = (
					"$(inherited)",
					"@executable_path/Frameworks",
					"@executable_path/../../Frameworks",
				);
				PRODUCT_BUNDLE_IDENTIFIER = com.watchtest.watchkitapp.watchkitextension;
				PRODUCT_NAME = "${TARGET_NAME}";
				SDKROOT = watchos;
				SKIP_INSTALL = YES;
				SWIFT_VERSION = 5.0;
				TARGETED_DEVICE_FAMILY = 4;
				WATCHOS_DEPLOYMENT_TARGET = 6.0;
			};
			name = Release;
		};
		DA57EB5323447ED300A31C5B /* Debug */ = {
			isa = XCBuildConfiguration;
			buildSettings = {
				ALWAYS_EMBED_SWIFT_STANDARD_LIBRARIES = YES;
				ASSETCATALOG_COMPILER_APPICON_NAME = AppIcon;
				CODE_SIGN_STYLE = Automatic;
				DEVELOPMENT_TEAM = 99XL587U89;
				IBSC_MODULE = watchtest_WatchKit_Extension;
				INFOPLIST_FILE = "watchtest WatchKit App/Info.plist";
				PRODUCT_BUNDLE_IDENTIFIER = com.watchtest.watchkitapp;
				PRODUCT_NAME = "$(TARGET_NAME)";
				SDKROOT = watchos;
				SKIP_INSTALL = YES;
				SWIFT_VERSION = 5.0;
				TARGETED_DEVICE_FAMILY = 4;
				WATCHOS_DEPLOYMENT_TARGET = 6.0;
			};
			name = Debug;
		};
		DA57EB5423447ED300A31C5B /* Release */ = {
			isa = XCBuildConfiguration;
			buildSettings = {
				ALWAYS_EMBED_SWIFT_STANDARD_LIBRARIES = YES;
				ASSETCATALOG_COMPILER_APPICON_NAME = AppIcon;
				CODE_SIGN_STYLE = Automatic;
				DEVELOPMENT_TEAM = 99XL587U89;
				IBSC_MODULE = watchtest_WatchKit_Extension;
				INFOPLIST_FILE = "watchtest WatchKit App/Info.plist";
				PRODUCT_BUNDLE_IDENTIFIER = com.watchtest.watchkitapp;
				PRODUCT_NAME = "$(TARGET_NAME)";
				SDKROOT = watchos;
				SKIP_INSTALL = YES;
				SWIFT_VERSION = 5.0;
				TARGETED_DEVICE_FAMILY = 4;
				WATCHOS_DEPLOYMENT_TARGET = 6.0;
			};
			name = Release;
		};
		DA57EB5723447ED300A31C5B /* Debug */ = {
			isa = XCBuildConfiguration;
			buildSettings = {
				CODE_SIGN_STYLE = Automatic;
				CURRENT_PROJECT_VERSION = 1;
				DEVELOPMENT_TEAM = 99XL587U89;
				MARKETING_VERSION = 1.0;
				PRODUCT_BUNDLE_IDENTIFIER = com.watchtest;
				PRODUCT_NAME = "$(TARGET_NAME)";
				SWIFT_VERSION = 5.0;
			};
			name = Debug;
		};
		DA57EB5823447ED300A31C5B /* Release */ = {
			isa = XCBuildConfiguration;
			buildSettings = {
				CODE_SIGN_STYLE = Automatic;
				CURRENT_PROJECT_VERSION = 1;
				DEVELOPMENT_TEAM = 99XL587U89;
				MARKETING_VERSION = 1.0;
				PRODUCT_BUNDLE_IDENTIFIER = com.watchtest;
				PRODUCT_NAME = "$(TARGET_NAME)";
				SWIFT_VERSION = 5.0;
			};
			name = Release;
		};
/* End XCBuildConfiguration section */

/* Begin XCConfigurationList section */
		DA57EB2023447ECB00A31C5B /* Build configuration list for PBXProject "watchtest" */ = {
			isa = XCConfigurationList;
			buildConfigurations = (
				DA57EB4C23447ED300A31C5B /* Debug */,
				DA57EB4D23447ED300A31C5B /* Release */,
			);
			defaultConfigurationIsVisible = 0;
			defaultConfigurationName = Release;
		};
		DA57EB4E23447ED300A31C5B /* Build configuration list for PBXNativeTarget "watchtest WatchKit Extension" */ = {
			isa = XCConfigurationList;
			buildConfigurations = (
				DA57EB4F23447ED300A31C5B /* Debug */,
				DA57EB5023447ED300A31C5B /* Release */,
			);
			defaultConfigurationIsVisible = 0;
			defaultConfigurationName = Release;
		};
		DA57EB5223447ED300A31C5B /* Build configuration list for PBXNativeTarget "watchtest WatchKit App" */ = {
			isa = XCConfigurationList;
			buildConfigurations = (
				DA57EB5323447ED300A31C5B /* Debug */,
				DA57EB5423447ED300A31C5B /* Release */,
			);
			defaultConfigurationIsVisible = 0;
			defaultConfigurationName = Release;
		};
		DA57EB5623447ED300A31C5B /* Build configuration list for PBXNativeTarget "watchtest" */ = {
			isa = XCConfigurationList;
			buildConfigurations = (
				DA57EB5723447ED300A31C5B /* Debug */,
				DA57EB5823447ED300A31C5B /* Release */,
			);
			defaultConfigurationIsVisible = 0;
			defaultConfigurationName = Release;
		};
/* End XCConfigurationList section */
	};
	rootObject = DA57EB1D23447ECB00A31C5B /* Project object */;
}
